
Microsoft Visual Studio Solution File, Format Version 12.00
# Visual Studio Version 17
VisualStudioVersion = 17.9.34622.214
MinimumVisualStudioVersion = 10.0.40219.1
Project("{FAE04EC0-301F-11D3-BF4B-00C04F79EFBC}") = "projectPasswordChecked", "projectPasswordChecked.csproj", "{707BD5EF-87B4-4593-B665-589B63DE35A6}"
EndProject
Global
	GlobalSection(SolutionConfigurationPlatforms) = preSolution
		Debug|Any CPU = Debug|Any CPU
		Release|Any CPU = Release|Any CPU
	EndGlobalSection
	GlobalSection(ProjectConfigurationPlatforms) = postSolution
		{707BD5EF-87B4-4593-B665-589B63DE35A6}.Debug|Any CPU.ActiveCfg = Debug|Any CPU
		{707BD5EF-87B4-4593-B665-589B63DE35A6}.Debug|Any CPU.Build.0 = Debug|Any CPU
		{707BD5EF-87B4-4593-B665-589B63DE35A6}.Release|Any CPU.ActiveCfg = Release|Any CPU
		{707BD5EF-87B4-4593-B665-589B63DE35A6}.Release|Any CPU.Build.0 = Release|Any CPU
	EndGlobalSection
	GlobalSection(SolutionProperties) = preSolution
		HideSolutionNode = FALSE
	EndGlobalSection
	GlobalSection(ExtensibilityGlobals) = postSolution
		SolutionGuid = {4FDE0F3A-7C5D-4A77-AB5C-EC6C0BD45ECD}
	EndGlobalSection
EndGlobal
